(version:1,lane:"foundation-protocol",backend:"klotho-fixture-replay",model_id:"fixture-replay-v1",artifact_path:"models/fixtures/replay-v1.ron",model_artifact_sha256:"478b1b0882222e652ec3093b2f9d57943cce8495b146ca344a6a388b0bd9dbf9",sampling:"deterministic fixture bytes; temperature 0; no stochastic seed",context_tokens:32768,tool_catalog:"KAI-00 validation-only tool catalog v1",network_policy:"offline",claim_level:"P0 protocol only; not evidence of model quality or KAI-07 capability")
